
Microsoft Visual Studio Solution File, Format Version 12.00
# Visual Studio 15
VisualStudioVersion = 15.0.26124.0
MinimumVisualStudioVersion = 15.0.26124.0
Project("{FAE04EC0-301F-11D3-BF4B-00C04F79EFBC}") = "Enterprise.Domain", "Enterprise.Domain\Enterprise.Domain.csproj", "{EA3203D9-1FA8-4C8E-850D-1BBFF2DC9DE2}"
EndProject
Project("{FAE04EC0-301F-11D3-BF4B-00C04F79EFBC}") = "Enterprise.API", "Enterprise.API\Enterprise.API.csproj", "{3DE575B8-5EE8-4B9D-8AA6-7A83FA4A5903}"
EndProject
Project("{FAE04EC0-301F-11D3-BF4B-00C04F79EFBC}") = "Enterprise.Infrastructure.Data", "Enterprise.Infrastructure.Data\Enterprise.Infrastructure.Data.csproj", "{D346B110-A9E9-477C-AEE7-8E09C5C280F0}"
EndProject
Global
	GlobalSection(SolutionConfigurationPlatforms) = preSolution
		Debug|Any CPU = Debug|Any CPU
		Debug|x64 = Debug|x64
		Debug|x86 = Debug|x86
		Release|Any CPU = Release|Any CPU
		Release|x64 = Release|x64
		Release|x86 = Release|x86
	EndGlobalSection
	GlobalSection(SolutionProperties) = preSolution
		HideSolutionNode = FALSE
	EndGlobalSection
	GlobalSection(ProjectConfigurationPlatforms) = postSolution
		{EA3203D9-1FA8-4C8E-850D-1BBFF2DC9DE2}.Debug|Any CPU.ActiveCfg = Debug|Any CPU
		{EA3203D9-1FA8-4C8E-850D-1BBFF2DC9DE2}.Debug|Any CPU.Build.0 = Debug|Any CPU
		{EA3203D9-1FA8-4C8E-850D-1BBFF2DC9DE2}.Debug|x64.ActiveCfg = Debug|Any CPU
		{EA3203D9-1FA8-4C8E-850D-1BBFF2DC9DE2}.Debug|x64.Build.0 = Debug|Any CPU
		{EA3203D9-1FA8-4C8E-850D-1BBFF2DC9DE2}.Debug|x86.ActiveCfg = Debug|Any CPU
		{EA3203D9-1FA8-4C8E-850D-1BBFF2DC9DE2}.Debug|x86.Build.0 = Debug|Any CPU
		{EA3203D9-1FA8-4C8E-850D-1BBFF2DC9DE2}.Release|Any CPU.ActiveCfg = Release|Any CPU
		{EA3203D9-1FA8-4C8E-850D-1BBFF2DC9DE2}.Release|Any CPU.Build.0 = Release|Any CPU
		{EA3203D9-1FA8-4C8E-850D-1BBFF2DC9DE2}.Release|x64.ActiveCfg = Release|Any CPU
		{EA3203D9-1FA8-4C8E-850D-1BBFF2DC9DE2}.Release|x64.Build.0 = Release|Any CPU
		{EA3203D9-1FA8-4C8E-850D-1BBFF2DC9DE2}.Release|x86.ActiveCfg = Release|Any CPU
		{EA3203D9-1FA8-4C8E-850D-1BBFF2DC9DE2}.Release|x86.Build.0 = Release|Any CPU
		{3DE575B8-5EE8-4B9D-8AA6-7A83FA4A5903}.Debug|Any CPU.ActiveCfg = Debug|Any CPU
		{3DE575B8-5EE8-4B9D-8AA6-7A83FA4A5903}.Debug|Any CPU.Build.0 = Debug|Any CPU
		{3DE575B8-5EE8-4B9D-8AA6-7A83FA4A5903}.Debug|x64.ActiveCfg = Debug|Any CPU
		{3DE575B8-5EE8-4B9D-8AA6-7A83FA4A5903}.Debug|x64.Build.0 = Debug|Any CPU
		{3DE575B8-5EE8-4B9D-8AA6-7A83FA4A5903}.Debug|x86.ActiveCfg = Debug|Any CPU
		{3DE575B8-5EE8-4B9D-8AA6-7A83FA4A5903}.Debug|x86.Build.0 = Debug|Any CPU
		{3DE575B8-5EE8-4B9D-8AA6-7A83FA4A5903}.Release|Any CPU.ActiveCfg = Release|Any CPU
		{3DE575B8-5EE8-4B9D-8AA6-7A83FA4A5903}.Release|Any CPU.Build.0 = Release|Any CPU
		{3DE575B8-5EE8-4B9D-8AA6-7A83FA4A5903}.Release|x64.ActiveCfg = Release|Any CPU
		{3DE575B8-5EE8-4B9D-8AA6-7A83FA4A5903}.Release|x64.Build.0 = Release|Any CPU
		{3DE575B8-5EE8-4B9D-8AA6-7A83FA4A5903}.Release|x86.ActiveCfg = Release|Any CPU
		{3DE575B8-5EE8-4B9D-8AA6-7A83FA4A5903}.Release|x86.Build.0 = Release|Any CPU
		{D346B110-A9E9-477C-AEE7-8E09C5C280F0}.Debug|Any CPU.ActiveCfg = Debug|Any CPU
		{D346B110-A9E9-477C-AEE7-8E09C5C280F0}.Debug|Any CPU.Build.0 = Debug|Any CPU
		{D346B110-A9E9-477C-AEE7-8E09C5C280F0}.Debug|x64.ActiveCfg = Debug|Any CPU
		{D346B110-A9E9-477C-AEE7-8E09C5C280F0}.Debug|x64.Build.0 = Debug|Any CPU
		{D346B110-A9E9-477C-AEE7-8E09C5C280F0}.Debug|x86.ActiveCfg = Debug|Any CPU
		{D346B110-A9E9-477C-AEE7-8E09C5C280F0}.Debug|x86.Build.0 = Debug|Any CPU
		{D346B110-A9E9-477C-AEE7-8E09C5C280F0}.Release|Any CPU.ActiveCfg = Release|Any CPU
		{D346B110-A9E9-477C-AEE7-8E09C5C280F0}.Release|Any CPU.Build.0 = Release|Any CPU
		{D346B110-A9E9-477C-AEE7-8E09C5C280F0}.Release|x64.ActiveCfg = Release|Any CPU
		{D346B110-A9E9-477C-AEE7-8E09C5C280F0}.Release|x64.Build.0 = Release|Any CPU
		{D346B110-A9E9-477C-AEE7-8E09C5C280F0}.Release|x86.ActiveCfg = Release|Any CPU
		{D346B110-A9E9-477C-AEE7-8E09C5C280F0}.Release|x86.Build.0 = Release|Any CPU
	EndGlobalSection
EndGlobal
